
Microsoft Visual Studio Solution File, Format Version 12.00
# Visual Studio Version 17
VisualStudioVersion = 17.14.36327.8 d17.14
MinimumVisualStudioVersion = 10.0.40219.1
Project("{FAE04EC0-301F-11D3-BF4B-00C04F79EFBC}") = "InheritanceAndOverriding", "InheritanceAndOverriding\InheritanceAndOverriding.csproj", "{6E9F433C-DE51-416B-AD30-B34EE6EA889E}"
EndProject
Project("{FAE04EC0-301F-11D3-BF4B-00C04F79EFBC}") = "AbstractClasses", "AbstractClasses\AbstractClasses.csproj", "{0D69FE05-DB82-4222-B01E-722D57BAC431}"
EndProject
Project("{FAE04EC0-301F-11D3-BF4B-00C04F79EFBC}") = "Interfaces", "Interfaces\Interfaces.csproj", "{88949C73-B3FC-481F-811A-E456BD7362B8}"
EndProject
Global
	GlobalSection(SolutionConfigurationPlatforms) = preSolution
		Debug|Any CPU = Debug|Any CPU
		Release|Any CPU = Release|Any CPU
	EndGlobalSection
	GlobalSection(ProjectConfigurationPlatforms) = postSolution
		{6E9F433C-DE51-416B-AD30-B34EE6EA889E}.Debug|Any CPU.ActiveCfg = Debug|Any CPU
		{6E9F433C-DE51-416B-AD30-B34EE6EA889E}.Debug|Any CPU.Build.0 = Debug|Any CPU
		{6E9F433C-DE51-416B-AD30-B34EE6EA889E}.Release|Any CPU.ActiveCfg = Release|Any CPU
		{6E9F433C-DE51-416B-AD30-B34EE6EA889E}.Release|Any CPU.Build.0 = Release|Any CPU
		{0D69FE05-DB82-4222-B01E-722D57BAC431}.Debug|Any CPU.ActiveCfg = Debug|Any CPU
		{0D69FE05-DB82-4222-B01E-722D57BAC431}.Debug|Any CPU.Build.0 = Debug|Any CPU
		{0D69FE05-DB82-4222-B01E-722D57BAC431}.Release|Any CPU.ActiveCfg = Release|Any CPU
		{0D69FE05-DB82-4222-B01E-722D57BAC431}.Release|Any CPU.Build.0 = Release|Any CPU
		{88949C73-B3FC-481F-811A-E456BD7362B8}.Debug|Any CPU.ActiveCfg = Debug|Any CPU
		{88949C73-B3FC-481F-811A-E456BD7362B8}.Debug|Any CPU.Build.0 = Debug|Any CPU
		{88949C73-B3FC-481F-811A-E456BD7362B8}.Release|Any CPU.ActiveCfg = Release|Any CPU
		{88949C73-B3FC-481F-811A-E456BD7362B8}.Release|Any CPU.Build.0 = Release|Any CPU
	EndGlobalSection
	GlobalSection(SolutionProperties) = preSolution
		HideSolutionNode = FALSE
	EndGlobalSection
	GlobalSection(ExtensibilityGlobals) = postSolution
		SolutionGuid = {E163AC28-E2EF-4676-AC04-0D31A044AAF4}
	EndGlobalSection
EndGlobal
